
Microsoft Visual Studio Solution File, Format Version 12.00
# Visual Studio Version 16
VisualStudioVersion = 16.0.30907.101
MinimumVisualStudioVersion = 10.0.40219.1
Project("{9A19103F-16F7-4668-BE54-9A1E7A4F7556}") = "ClassMetotDemo", "ClassMetotDemo\ClassMetotDemo.csproj", "{8E1514C7-EA71-4032-8E10-A82251FF9A3F}"
EndProject
Project("{9A19103F-16F7-4668-BE54-9A1E7A4F7556}") = "MyDictionary", "MyDictionary\MyDictionary.csproj", "{C5C8E97E-E3BB-402E-9E93-C9802C6EEBDC}"
EndProject
Project("{9A19103F-16F7-4668-BE54-9A1E7A4F7556}") = "GameSimulationProject", "GameSimulationProject\GameSimulationProject.csproj", "{F8B21D51-B950-4265-A28D-6323A28B670C}"
EndProject
Project("{9A19103F-16F7-4668-BE54-9A1E7A4F7556}") = "Methods", "Methods\Methods.csproj", "{A1C92706-DA3D-4B9A-8822-3536A2EE80A2}"
EndProject
Project("{9A19103F-16F7-4668-BE54-9A1E7A4F7556}") = "ClassMetotDemo2", "ClassMetotDemo2\ClassMetotDemo2.csproj", "{D0CC4DDA-F65C-4CCD-AAB6-762B362F26C2}"
EndProject
Project("{FAE04EC0-301F-11D3-BF4B-00C04F79EFBC}") = "ShoppingList", "ShoppingList\ShoppingList.csproj", "{0AE45BAC-0598-4631-A51C-200CD7FFB4F8}"
EndProject
Global
	GlobalSection(SolutionConfigurationPlatforms) = preSolution
		Debug|Any CPU = Debug|Any CPU
		Release|Any CPU = Release|Any CPU
	EndGlobalSection
	GlobalSection(ProjectConfigurationPlatforms) = postSolution
		{8E1514C7-EA71-4032-8E10-A82251FF9A3F}.Debug|Any CPU.ActiveCfg = Debug|Any CPU
		{8E1514C7-EA71-4032-8E10-A82251FF9A3F}.Debug|Any CPU.Build.0 = Debug|Any CPU
		{8E1514C7-EA71-4032-8E10-A82251FF9A3F}.Release|Any CPU.ActiveCfg = Release|Any CPU
		{8E1514C7-EA71-4032-8E10-A82251FF9A3F}.Release|Any CPU.Build.0 = Release|Any CPU
		{C5C8E97E-E3BB-402E-9E93-C9802C6EEBDC}.Debug|Any CPU.ActiveCfg = Debug|Any CPU
		{C5C8E97E-E3BB-402E-9E93-C9802C6EEBDC}.Debug|Any CPU.Build.0 = Debug|Any CPU
		{C5C8E97E-E3BB-402E-9E93-C9802C6EEBDC}.Release|Any CPU.ActiveCfg = Release|Any CPU
		{C5C8E97E-E3BB-402E-9E93-C9802C6EEBDC}.Release|Any CPU.Build.0 = Release|Any CPU
		{F8B21D51-B950-4265-A28D-6323A28B670C}.Debug|Any CPU.ActiveCfg = Debug|Any CPU
		{F8B21D51-B950-4265-A28D-6323A28B670C}.Debug|Any CPU.Build.0 = Debug|Any CPU
		{F8B21D51-B950-4265-A28D-6323A28B670C}.Release|Any CPU.ActiveCfg = Release|Any CPU
		{F8B21D51-B950-4265-A28D-6323A28B670C}.Release|Any CPU.Build.0 = Release|Any CPU
		{A1C92706-DA3D-4B9A-8822-3536A2EE80A2}.Debug|Any CPU.ActiveCfg = Debug|Any CPU
		{A1C92706-DA3D-4B9A-8822-3536A2EE80A2}.Debug|Any CPU.Build.0 = Debug|Any CPU
		{A1C92706-DA3D-4B9A-8822-3536A2EE80A2}.Release|Any CPU.ActiveCfg = Release|Any CPU
		{A1C92706-DA3D-4B9A-8822-3536A2EE80A2}.Release|Any CPU.Build.0 = Release|Any CPU
		{D0CC4DDA-F65C-4CCD-AAB6-762B362F26C2}.Debug|Any CPU.ActiveCfg = Debug|Any CPU
		{D0CC4DDA-F65C-4CCD-AAB6-762B362F26C2}.Debug|Any CPU.Build.0 = Debug|Any CPU
		{D0CC4DDA-F65C-4CCD-AAB6-762B362F26C2}.Release|Any CPU.ActiveCfg = Release|Any CPU
		{D0CC4DDA-F65C-4CCD-AAB6-762B362F26C2}.Release|Any CPU.Build.0 = Release|Any CPU
		{0AE45BAC-0598-4631-A51C-200CD7FFB4F8}.Debug|Any CPU.ActiveCfg = Debug|Any CPU
		{0AE45BAC-0598-4631-A51C-200CD7FFB4F8}.Debug|Any CPU.Build.0 = Debug|Any CPU
		{0AE45BAC-0598-4631-A51C-200CD7FFB4F8}.Release|Any CPU.ActiveCfg = Release|Any CPU
		{0AE45BAC-0598-4631-A51C-200CD7FFB4F8}.Release|Any CPU.Build.0 = Release|Any CPU
	EndGlobalSection
	GlobalSection(SolutionProperties) = preSolution
		HideSolutionNode = FALSE
	EndGlobalSection
	GlobalSection(ExtensibilityGlobals) = postSolution
		SolutionGuid = {8E0ED400-BF65-4B27-917C-6378694E9523}
	EndGlobalSection
EndGlobal
